dependencies:
- name: kubevault-metrics
  repository: file://../kubevault-metrics
  version: v2026.5.14-rc.0
- name: kubevault-grafana-dashboards
  repository: file://../kubevault-grafana-dashboards
  version: v2026.5.14-rc.0
- name: ace-user-roles
  repository: oci://ghcr.io/appscode-charts
  version: v2025.3.14
digest: sha256:f4bbe1e02d57ff5e7a1155b52004013cff269aff0a75341b0d41d79a7a33a30a
generated: "2026-05-14T04:09:41.326799429Z"
