dependencies:
- name: kubevault-crds
  repository: file://../kubevault-crds
  version: v2024.9.30
- name: kubevault-catalog
  repository: file://../kubevault-catalog
  version: v2024.9.30
- name: kubevault-operator
  repository: file://../kubevault-operator
  version: v0.19.0
- name: kubevault-webhook-server
  repository: file://../kubevault-webhook-server
  version: v0.19.0
digest: sha256:cf9b680910912a20c115a6f71a6b43afdb474a7457d494f843e170ba397fd5fa
generated: "2024-09-27T03:01:12.12702049Z"
