dependencies:
- name: kubevault-crds
  repository: file://../kubevault-crds
  version: v2022.09.22
- name: kubevault-catalog
  repository: file://../kubevault-catalog
  version: v2022.09.22
- name: kubevault-operator
  repository: file://../kubevault-operator
  version: v0.10.0
- name: kubevault-webhook-server
  repository: file://../kubevault-webhook-server
  version: v0.10.0
digest: sha256:d42b4ade5de3f8ae790900a48dd0ca2198a334a3c3f729a1808051c117eb9c8c
generated: "2022-09-22T08:12:38.849689462Z"
